{
  "name": "ajs-homework3.nodejs",
  "version": "1.0.0",
  "lockfileVersion": 1,
  "requires": true,
  "dependencies": {
    "@dariy-mvs/ajs-homework3": {
      "version": "1.0.0",
      "resolved": "https://npm.pkg.github.com/download/@dariy-mvs/ajs-homework3/1.0.0/063d5967baf9a5fd167e22d36ef419415be4a286f3d4388e0625ee139f5f990a",
      "integrity": "sha512-Gf3p3cq1zgmjed0ndf1lKp8dOx06n6vEEZVSwClrgz+tTuMByOqgvjGCSmjnwYFNWz1lfLNStDLukwpbUGjPbg=="
    }
  }
}
